{
  "name": "quiz",
  "version": "1.0.0",
  "lockfileVersion": 2,
  "requires": true,
  "packages": {
    "": {
      "name": "quiz",
      "version": "1.0.0",
      "license": "ISC",
      "dependencies": {
        "@chainlink/contracts": "^0.3.1",
        "@openzeppelin/contracts": "^4.4.2"
      }
    },
    "node_modules/@chainlink/contracts": {
      "version": "0.3.1",
      "resolved": "https://registry.npmjs.org/@chainlink/contracts/-/contracts-0.3.1.tgz",
      "integrity": "sha512-A8DRvmfNCwLS1iduPPj7wNAZJMe9/ZimMhoHhbbBiq+7Vq/HFjiNcdoQ5NinFdXD5aTsoNUGG5pAYKj7YMpm9A=="
    },
    "node_modules/@openzeppelin/contracts": {
      "version": "4.4.2",
      "resolved": "https://registry.npmjs.org/@openzeppelin/contracts/-/contracts-4.4.2.tgz",
      "integrity": "sha512-NyJV7sJgoGYqbtNUWgzzOGW4T6rR19FmX1IJgXGdapGPWsuMelGJn9h03nos0iqfforCbCB0iYIR0MtIuIFLLw=="
    }
  },
  "dependencies": {
    "@chainlink/contracts": {
      "version": "0.3.1",
      "resolved": "https://registry.npmjs.org/@chainlink/contracts/-/contracts-0.3.1.tgz",
      "integrity": "sha512-A8DRvmfNCwLS1iduPPj7wNAZJMe9/ZimMhoHhbbBiq+7Vq/HFjiNcdoQ5NinFdXD5aTsoNUGG5pAYKj7YMpm9A=="
    },
    "@openzeppelin/contracts": {
      "version": "4.4.2",
      "resolved": "https://registry.npmjs.org/@openzeppelin/contracts/-/contracts-4.4.2.tgz",
      "integrity": "sha512-NyJV7sJgoGYqbtNUWgzzOGW4T6rR19FmX1IJgXGdapGPWsuMelGJn9h03nos0iqfforCbCB0iYIR0MtIuIFLLw=="
    }
  }
}
